
Microsoft Visual Studio Solution File, Format Version 12.00
# Visual Studio Version 17
VisualStudioVersion = 17.8.34408.163
MinimumVisualStudioVersion = 10.0.40219.1
Project("{9A19103F-16F7-4668-BE54-9A1E7A4F7556}") = "BackEndChatAPI", "BackEndChatAPI\BackEndChatAPI.csproj", "{0CA397C3-E645-41BE-B6CF-4B7CB5339C5F}"
EndProject
Project("{9A19103F-16F7-4668-BE54-9A1E7A4F7556}") = "FrontEnd1", "FrontEnd1\FrontEnd1.csproj", "{47D43DEA-9CA9-4B07-BFCF-1448435EF146}"
EndProject
Global
	GlobalSection(SolutionConfigurationPlatforms) = preSolution
		Debug|Any CPU = Debug|Any CPU
		Release|Any CPU = Release|Any CPU
	EndGlobalSection
	GlobalSection(ProjectConfigurationPlatforms) = postSolution
		{0CA397C3-E645-41BE-B6CF-4B7CB5339C5F}.Debug|Any CPU.ActiveCfg = Debug|Any CPU
		{0CA397C3-E645-41BE-B6CF-4B7CB5339C5F}.Debug|Any CPU.Build.0 = Debug|Any CPU
		{0CA397C3-E645-41BE-B6CF-4B7CB5339C5F}.Release|Any CPU.ActiveCfg = Release|Any CPU
		{0CA397C3-E645-41BE-B6CF-4B7CB5339C5F}.Release|Any CPU.Build.0 = Release|Any CPU
		{47D43DEA-9CA9-4B07-BFCF-1448435EF146}.Debug|Any CPU.ActiveCfg = Debug|Any CPU
		{47D43DEA-9CA9-4B07-BFCF-1448435EF146}.Debug|Any CPU.Build.0 = Debug|Any CPU
		{47D43DEA-9CA9-4B07-BFCF-1448435EF146}.Release|Any CPU.ActiveCfg = Release|Any CPU
		{47D43DEA-9CA9-4B07-BFCF-1448435EF146}.Release|Any CPU.Build.0 = Release|Any CPU
	EndGlobalSection
	GlobalSection(SolutionProperties) = preSolution
		HideSolutionNode = FALSE
	EndGlobalSection
	GlobalSection(ExtensibilityGlobals) = postSolution
		SolutionGuid = {FFBE28AA-0187-4850-9E08-E3910CFC26FD}
	EndGlobalSection
EndGlobal
